
Microsoft Visual Studio Solution File, Format Version 12.00
# Visual Studio 15
VisualStudioVersion = 15.0.27428.2011
MinimumVisualStudioVersion = 10.0.40219.1
Project("{FAE04EC0-301F-11D3-BF4B-00C04F79EFBC}") = "ConsoleApp1", "ConsoleApp1\ConsoleApp1.csproj", "{1C868F9A-026D-4501-A7A4-269088B3F7EF}"
EndProject
Project("{2150E333-8FDC-42A3-9474-1A3956D46DE8}") = "Solution Items", "Solution Items", "{8ACA2FA4-AE52-41CA-9C15-61FC35BFFDA1}"
	ProjectSection(SolutionItems) = preProject
		10Csharp类型.md = 10Csharp类型.md
		11Csharp泛型.md = 11Csharp泛型.md
		12Csharp匿名迭代.md = 12Csharp匿名迭代.md
		13Csharp3.0智能编译器.md = 13Csharp3.0智能编译器.md
		14CsharpLambda表达式.md = 14CsharpLambda表达式.md
		15Csharp扩展方法.md = 15Csharp扩展方法.md
		16CsharpLinq.md = 16CsharpLinq.md
		17Csharp4.0.md = 17Csharp4.0.md
		1Csharp基础.md = 1Csharp基础.md
		8Csharp委托.md = 8Csharp委托.md
		9Csharp事件.md = 9Csharp事件.md
	EndProjectSection
EndProject
Project("{FAE04EC0-301F-11D3-BF4B-00C04F79EFBC}") = "Captal7_IL_01", "Captal7_IL_01\Captal7_IL_01.csproj", "{32792F7A-AFC1-4A45-96E2-3FD208FD020B}"
EndProject
Project("{2150E333-8FDC-42A3-9474-1A3956D46DE8}") = "Capital7_IL语言", "Capital7_IL语言", "{5537471A-1B25-4DCD-B620-F53225614376}"
EndProject
Project("{FAE04EC0-301F-11D3-BF4B-00C04F79EFBC}") = "Captal7_IL_02", "Captal7_IL_02\Captal7_IL_02.csproj", "{B816AF1D-EDF0-4B29-954C-03FE94E5C771}"
EndProject
Project("{FAE04EC0-301F-11D3-BF4B-00C04F79EFBC}") = "Captal8_Delegate_01", "Captal8_Delegate_01\Captal8_Delegate_01.csproj", "{9B216E50-BE8A-4DC7-A3B0-E97693BBEE17}"
EndProject
Project("{2150E333-8FDC-42A3-9474-1A3956D46DE8}") = "Captal8_Delegate委托", "Captal8_Delegate委托", "{4FDF8572-B6CD-44FD-9B4D-F99F3D59A79E}"
EndProject
Project("{FAE04EC0-301F-11D3-BF4B-00C04F79EFBC}") = "Captal8_Delegate_02Greeting", "Captal8_Delegate_02Greeting\Captal8_Delegate_02Greeting.csproj", "{85FCB4F9-5DF6-4074-AE42-E84A5E9334BD}"
EndProject
Project("{FAE04EC0-301F-11D3-BF4B-00C04F79EFBC}") = "Captal8_Delegate_03", "Captal8_Delegate_03\Captal8_Delegate_03.csproj", "{47666CE2-FD5E-4B3F-9F56-623756B2271A}"
EndProject
Project("{FAE04EC0-301F-11D3-BF4B-00C04F79EFBC}") = "Captal8_Delegate_04DelegateChain", "Captal8_Delegate_04DelegateChain\Captal8_Delegate_04DelegateChain.csproj", "{FF01E1D5-CD09-4867-A6D9-96B2C74CC2F3}"
EndProject
Project("{2150E333-8FDC-42A3-9474-1A3956D46DE8}") = "Captal9_Event事件", "Captal9_Event事件", "{EDCBA19B-2627-45D2-9914-F027B6A33598}"
EndProject
Project("{FAE04EC0-301F-11D3-BF4B-00C04F79EFBC}") = "Capital9_Event_01", "Capital9_Event_01\Capital9_Event_01.csproj", "{C3D48EEA-56CD-4E76-BA3E-502B844C5EF1}"
EndProject
Project("{FAE04EC0-301F-11D3-BF4B-00C04F79EFBC}") = "Capital9_Event_02EventArgs", "Capital9_Event_02EventArgs\Capital9_Event_02EventArgs.csproj", "{6DFFE42A-F8D4-4C04-855C-D0C4BD7B9E25}"
EndProject
Project("{FAE04EC0-301F-11D3-BF4B-00C04F79EFBC}") = "Capital9_Event_03", "Capital9_Event_03\Capital9_Event_03.csproj", "{1FDBA585-130D-4CD4-9D99-1FE2D54B8F77}"
EndProject
Project("{2150E333-8FDC-42A3-9474-1A3956D46DE8}") = "Capital10_Type类型", "Capital10_Type类型", "{57FC7BE5-15A5-4EBF-ACA0-83ECB0CD1FC4}"
EndProject
Project("{FAE04EC0-301F-11D3-BF4B-00C04F79EFBC}") = "Capital10_Type_01", "Capital10_Type_01\Capital10_Type_01.csproj", "{9A79249C-7916-4398-B722-3657AD20F6CE}"
EndProject
Project("{2150E333-8FDC-42A3-9474-1A3956D46DE8}") = "Capital11_Generic泛型", "Capital11_Generic泛型", "{6248F362-C93C-4CCB-8044-A81C485505FC}"
EndProject
Project("{FAE04EC0-301F-11D3-BF4B-00C04F79EFBC}") = "Capital11_Generic_01", "Capital11_Generic_01\Capital11_Generic_01.csproj", "{4BD58888-C1FC-46A3-8896-C4B7285ADFA4}"
EndProject
Project("{FAE04EC0-301F-11D3-BF4B-00C04F79EFBC}") = "Capital11_Generic_02", "Capital11_Generic_02\Capital11_Generic_02.csproj", "{0AAF92ED-84F4-4D8A-9E4A-7FB6E258AABD}"
EndProject
Project("{FAE04EC0-301F-11D3-BF4B-00C04F79EFBC}") = "Capital11_Generic_03", "Capital11_Generic_03\Capital11_Generic_03.csproj", "{6FD0C16E-1CDD-4DF5-B967-C89D6544D0D9}"
EndProject
Project("{FAE04EC0-301F-11D3-BF4B-00C04F79EFBC}") = "Capital11_Generic_04", "Capital11_Generic_04\Capital11_Generic_04.csproj", "{ECA5D17C-DE95-4AAE-946E-B6FF2DF850F4}"
EndProject
Project("{2150E333-8FDC-42A3-9474-1A3956D46DE8}") = "Capital12_NullableIterator", "Capital12_NullableIterator", "{21A879F1-83BD-4A72-BEA4-BCC282BE1FDE}"
EndProject
Project("{FAE04EC0-301F-11D3-BF4B-00C04F79EFBC}") = "Capital12_01_Nullable", "Capital12_01_Nullable\Capital12_01_Nullable.csproj", "{42A081B7-4A27-445E-9648-75616352AE8A}"
EndProject
Project("{FAE04EC0-301F-11D3-BF4B-00C04F79EFBC}") = "Capital12_02_？？", "Capital12_02_？？\Capital12_02_？？.csproj", "{ADF16D47-3831-47B1-8D23-4B793DCDC701}"
EndProject
Project("{FAE04EC0-301F-11D3-BF4B-00C04F79EFBC}") = "Capital12_03_AnonymousMethode", "Capital12_03_AnonymousMethode\Capital12_03_AnonymousMethode.csproj", "{6345C84F-E108-4F5D-A2D5-7648DF008A6B}"
EndProject
Project("{FAE04EC0-301F-11D3-BF4B-00C04F79EFBC}") = "Capital12_04_Closure", "Capital12_04_ClosePack\Capital12_04_Closure.csproj", "{2CC9E308-19DE-422C-9E1F-0FB2276DA4B5}"
EndProject
Project("{FAE04EC0-301F-11D3-BF4B-00C04F79EFBC}") = "Capital12_05_Enum", "Capital12_05_Enum\Capital12_05_Enum.csproj", "{C37F3DF6-4C98-4825-968B-5C87EEAC741F}"
EndProject
Project("{FAE04EC0-301F-11D3-BF4B-00C04F79EFBC}") = "Capital12_06_EnumYield", "Capital12_06_EnumYield\Capital12_06_EnumYield.csproj", "{162D487A-F8B2-496B-9812-CC6F4C6127BF}"
EndProject
Project("{2150E333-8FDC-42A3-9474-1A3956D46DE8}") = "Capital13_智能编译器CSharp3.0", "Capital13_智能编译器CSharp3.0", "{959552E8-A9F7-4CAB-84F2-10C5A1E747F5}"
EndProject
Project("{FAE04EC0-301F-11D3-BF4B-00C04F79EFBC}") = "Capital13_01", "Capital13_01\Capital13_01.csproj", "{96647EA1-5054-4C0A-88E6-432F4ADA65C2}"
EndProject
Project("{FAE04EC0-301F-11D3-BF4B-00C04F79EFBC}") = "Capital13_02_ImplicitType", "Capital13_02_ImplicitType\Capital13_02_ImplicitType.csproj", "{DB4BA91D-B136-49B4-87E7-DF215F0450DE}"
EndProject
Project("{FAE04EC0-301F-11D3-BF4B-00C04F79EFBC}") = "Capital13_03_Initializer", "Capital13_03_Initializer\Capital13_03_Initializer.csproj", "{C9FDD6B4-9783-4509-870C-A76D266D1887}"
EndProject
Project("{FAE04EC0-301F-11D3-BF4B-00C04F79EFBC}") = "Capital13_04_AnonymousType", "Capital13_04_AnonymousType\Capital13_04_AnonymousType.csproj", "{CBF64067-C26E-48BB-80FD-A42200C57B98}"
EndProject
Project("{2150E333-8FDC-42A3-9474-1A3956D46DE8}") = "Capital14_Lambda表达式", "Capital14_Lambda表达式", "{DCC983BF-657F-4CCA-8EDB-29E495CC255C}"
EndProject
Project("{FAE04EC0-301F-11D3-BF4B-00C04F79EFBC}") = "Capital14_Lambda_01", "Capital14_Lambda_01\Capital14_Lambda_01.csproj", "{FD76CF5B-C22F-424C-AB1B-38DB4A0E2B0E}"
EndProject
Project("{FAE04EC0-301F-11D3-BF4B-00C04F79EFBC}") = "Capital14_Lambda_02_Event", "Capital14_Lambda_02_Event\Capital14_Lambda_02_Event.csproj", "{4BAD8D44-F0D5-4A0E-B2ED-9E610CD5344E}"
EndProject
Project("{FAE04EC0-301F-11D3-BF4B-00C04F79EFBC}") = "Capital14_Lambda_03_ExpressionTrees", "Capital14_Lambda_03_ExpressionTrees\Capital14_Lambda_03_ExpressionTrees.csproj", "{A8E50E0B-C796-4462-8AFF-74DFFD1AD074}"
EndProject
Project("{2150E333-8FDC-42A3-9474-1A3956D46DE8}") = "Capital15_ExtensionMethod扩展方法", "Capital15_ExtensionMethod扩展方法", "{8F2F88CD-C04E-4162-A7AD-CD739EA1B1E1}"
EndProject
Project("{FAE04EC0-301F-11D3-BF4B-00C04F79EFBC}") = "Capital15_ExtMethod_01", "Captal5_ExtMethod_01\Capital15_ExtMethod_01.csproj", "{BC64E641-05DD-4037-A236-55810D162765}"
EndProject
Project("{FAE04EC0-301F-11D3-BF4B-00C04F79EFBC}") = "Capital15_ExtMethod_02", "Captal5_ExtMethod_02\Capital15_ExtMethod_02.csproj", "{B4E99FEE-53F9-4074-B9F2-43006CE3BECB}"
EndProject
Project("{2150E333-8FDC-42A3-9474-1A3956D46DE8}") = "Capital16_LINQ查询", "Capital16_LINQ查询", "{7A3581BE-948C-49DA-9D07-8CD408F0B158}"
EndProject
Project("{FAE04EC0-301F-11D3-BF4B-00C04F79EFBC}") = "Captal16_Linq_01", "Captal16_Linq_01\Captal16_Linq_01.csproj", "{934AB574-2A97-40ED-BDB6-BF2BBD9A0764}"
EndProject
Project("{FAE04EC0-301F-11D3-BF4B-00C04F79EFBC}") = "Captal16_Linq_02_XML", "Captal16_Linq_02_XML\Captal16_Linq_02_XML.csproj", "{44F39E44-5E68-4FD6-A64A-8D1EF1FFAB65}"
EndProject
Project("{2150E333-8FDC-42A3-9474-1A3956D46DE8}") = "Capital17_CSharp4.0", "Capital17_CSharp4.0", "{0FA0A3B8-3D08-456E-A32E-D82BFC8A3BF2}"
EndProject
Project("{FAE04EC0-301F-11D3-BF4B-00C04F79EFBC}") = "Capital17_01_COM", "Capital17_01_COM\Capital17_01_COM.csproj", "{D66D3821-D0C2-4E01-97CB-5F511019112D}"
EndProject
Project("{FAE04EC0-301F-11D3-BF4B-00C04F79EFBC}") = "Capital17_02_COM", "Capital17_02_COM\Capital17_02_COM.csproj", "{B5C24BC4-B761-446D-A0A3-264B725AE00C}"
EndProject
Project("{FAE04EC0-301F-11D3-BF4B-00C04F79EFBC}") = "Capital17_03_COMWord", "Capital17_03_COMWord\Capital17_03_COMWord.csproj", "{EBB1D792-647F-4EC5-96F0-67C015BADEE6}"
EndProject
Global
	GlobalSection(SolutionConfigurationPlatforms) = preSolution
		Debug|Any CPU = Debug|Any CPU
		Release|Any CPU = Release|Any CPU
	EndGlobalSection
	GlobalSection(ProjectConfigurationPlatforms) = postSolution
		{1C868F9A-026D-4501-A7A4-269088B3F7EF}.Debug|Any CPU.ActiveCfg = Debug|Any CPU
		{1C868F9A-026D-4501-A7A4-269088B3F7EF}.Debug|Any CPU.Build.0 = Debug|Any CPU
		{1C868F9A-026D-4501-A7A4-269088B3F7EF}.Release|Any CPU.ActiveCfg = Release|Any CPU
		{1C868F9A-026D-4501-A7A4-269088B3F7EF}.Release|Any CPU.Build.0 = Release|Any CPU
		{32792F7A-AFC1-4A45-96E2-3FD208FD020B}.Debug|Any CPU.ActiveCfg = Debug|Any CPU
		{32792F7A-AFC1-4A45-96E2-3FD208FD020B}.Debug|Any CPU.Build.0 = Debug|Any CPU
		{32792F7A-AFC1-4A45-96E2-3FD208FD020B}.Release|Any CPU.ActiveCfg = Release|Any CPU
		{32792F7A-AFC1-4A45-96E2-3FD208FD020B}.Release|Any CPU.Build.0 = Release|Any CPU
		{B816AF1D-EDF0-4B29-954C-03FE94E5C771}.Debug|Any CPU.ActiveCfg = Debug|Any CPU
		{B816AF1D-EDF0-4B29-954C-03FE94E5C771}.Debug|Any CPU.Build.0 = Debug|Any CPU
		{B816AF1D-EDF0-4B29-954C-03FE94E5C771}.Release|Any CPU.ActiveCfg = Release|Any CPU
		{B816AF1D-EDF0-4B29-954C-03FE94E5C771}.Release|Any CPU.Build.0 = Release|Any CPU
		{9B216E50-BE8A-4DC7-A3B0-E97693BBEE17}.Debug|Any CPU.ActiveCfg = Debug|Any CPU
		{9B216E50-BE8A-4DC7-A3B0-E97693BBEE17}.Debug|Any CPU.Build.0 = Debug|Any CPU
		{9B216E50-BE8A-4DC7-A3B0-E97693BBEE17}.Release|Any CPU.ActiveCfg = Release|Any CPU
		{9B216E50-BE8A-4DC7-A3B0-E97693BBEE17}.Release|Any CPU.Build.0 = Release|Any CPU
		{85FCB4F9-5DF6-4074-AE42-E84A5E9334BD}.Debug|Any CPU.ActiveCfg = Debug|Any CPU
		{85FCB4F9-5DF6-4074-AE42-E84A5E9334BD}.Debug|Any CPU.Build.0 = Debug|Any CPU
		{85FCB4F9-5DF6-4074-AE42-E84A5E9334BD}.Release|Any CPU.ActiveCfg = Release|Any CPU
		{85FCB4F9-5DF6-4074-AE42-E84A5E9334BD}.Release|Any CPU.Build.0 = Release|Any CPU
		{47666CE2-FD5E-4B3F-9F56-623756B2271A}.Debug|Any CPU.ActiveCfg = Debug|Any CPU
		{47666CE2-FD5E-4B3F-9F56-623756B2271A}.Debug|Any CPU.Build.0 = Debug|Any CPU
		{47666CE2-FD5E-4B3F-9F56-623756B2271A}.Release|Any CPU.ActiveCfg = Release|Any CPU
		{47666CE2-FD5E-4B3F-9F56-623756B2271A}.Release|Any CPU.Build.0 = Release|Any CPU
		{FF01E1D5-CD09-4867-A6D9-96B2C74CC2F3}.Debug|Any CPU.ActiveCfg = Debug|Any CPU
		{FF01E1D5-CD09-4867-A6D9-96B2C74CC2F3}.Debug|Any CPU.Build.0 = Debug|Any CPU
		{FF01E1D5-CD09-4867-A6D9-96B2C74CC2F3}.Release|Any CPU.ActiveCfg = Release|Any CPU
		{FF01E1D5-CD09-4867-A6D9-96B2C74CC2F3}.Release|Any CPU.Build.0 = Release|Any CPU
		{C3D48EEA-56CD-4E76-BA3E-502B844C5EF1}.Debug|Any CPU.ActiveCfg = Debug|Any CPU
		{C3D48EEA-56CD-4E76-BA3E-502B844C5EF1}.Debug|Any CPU.Build.0 = Debug|Any CPU
		{C3D48EEA-56CD-4E76-BA3E-502B844C5EF1}.Release|Any CPU.ActiveCfg = Release|Any CPU
		{C3D48EEA-56CD-4E76-BA3E-502B844C5EF1}.Release|Any CPU.Build.0 = Release|Any CPU
		{6DFFE42A-F8D4-4C04-855C-D0C4BD7B9E25}.Debug|Any CPU.ActiveCfg = Debug|Any CPU
		{6DFFE42A-F8D4-4C04-855C-D0C4BD7B9E25}.Debug|Any CPU.Build.0 = Debug|Any CPU
		{6DFFE42A-F8D4-4C04-855C-D0C4BD7B9E25}.Release|Any CPU.ActiveCfg = Release|Any CPU
		{6DFFE42A-F8D4-4C04-855C-D0C4BD7B9E25}.Release|Any CPU.Build.0 = Release|Any CPU
		{1FDBA585-130D-4CD4-9D99-1FE2D54B8F77}.Debug|Any CPU.ActiveCfg = Debug|Any CPU
		{1FDBA585-130D-4CD4-9D99-1FE2D54B8F77}.Debug|Any CPU.Build.0 = Debug|Any CPU
		{1FDBA585-130D-4CD4-9D99-1FE2D54B8F77}.Release|Any CPU.ActiveCfg = Release|Any CPU
		{1FDBA585-130D-4CD4-9D99-1FE2D54B8F77}.Release|Any CPU.Build.0 = Release|Any CPU
		{9A79249C-7916-4398-B722-3657AD20F6CE}.Debug|Any CPU.ActiveCfg = Debug|Any CPU
		{9A79249C-7916-4398-B722-3657AD20F6CE}.Debug|Any CPU.Build.0 = Debug|Any CPU
		{9A79249C-7916-4398-B722-3657AD20F6CE}.Release|Any CPU.ActiveCfg = Release|Any CPU
		{9A79249C-7916-4398-B722-3657AD20F6CE}.Release|Any CPU.Build.0 = Release|Any CPU
		{4BD58888-C1FC-46A3-8896-C4B7285ADFA4}.Debug|Any CPU.ActiveCfg = Debug|Any CPU
		{4BD58888-C1FC-46A3-8896-C4B7285ADFA4}.Debug|Any CPU.Build.0 = Debug|Any CPU
		{4BD58888-C1FC-46A3-8896-C4B7285ADFA4}.Release|Any CPU.ActiveCfg = Release|Any CPU
		{4BD58888-C1FC-46A3-8896-C4B7285ADFA4}.Release|Any CPU.Build.0 = Release|Any CPU
		{0AAF92ED-84F4-4D8A-9E4A-7FB6E258AABD}.Debug|Any CPU.ActiveCfg = Debug|Any CPU
		{0AAF92ED-84F4-4D8A-9E4A-7FB6E258AABD}.Debug|Any CPU.Build.0 = Debug|Any CPU
		{0AAF92ED-84F4-4D8A-9E4A-7FB6E258AABD}.Release|Any CPU.ActiveCfg = Release|Any CPU
		{0AAF92ED-84F4-4D8A-9E4A-7FB6E258AABD}.Release|Any CPU.Build.0 = Release|Any CPU
		{6FD0C16E-1CDD-4DF5-B967-C89D6544D0D9}.Debug|Any CPU.ActiveCfg = Debug|Any CPU
		{6FD0C16E-1CDD-4DF5-B967-C89D6544D0D9}.Debug|Any CPU.Build.0 = Debug|Any CPU
		{6FD0C16E-1CDD-4DF5-B967-C89D6544D0D9}.Release|Any CPU.ActiveCfg = Release|Any CPU
		{6FD0C16E-1CDD-4DF5-B967-C89D6544D0D9}.Release|Any CPU.Build.0 = Release|Any CPU
		{ECA5D17C-DE95-4AAE-946E-B6FF2DF850F4}.Debug|Any CPU.ActiveCfg = Debug|Any CPU
		{ECA5D17C-DE95-4AAE-946E-B6FF2DF850F4}.Debug|Any CPU.Build.0 = Debug|Any CPU
		{ECA5D17C-DE95-4AAE-946E-B6FF2DF850F4}.Release|Any CPU.ActiveCfg = Release|Any CPU
		{ECA5D17C-DE95-4AAE-946E-B6FF2DF850F4}.Release|Any CPU.Build.0 = Release|Any CPU
		{42A081B7-4A27-445E-9648-75616352AE8A}.Debug|Any CPU.ActiveCfg = Debug|Any CPU
		{42A081B7-4A27-445E-9648-75616352AE8A}.Debug|Any CPU.Build.0 = Debug|Any CPU
		{42A081B7-4A27-445E-9648-75616352AE8A}.Release|Any CPU.ActiveCfg = Release|Any CPU
		{42A081B7-4A27-445E-9648-75616352AE8A}.Release|Any CPU.Build.0 = Release|Any CPU
		{ADF16D47-3831-47B1-8D23-4B793DCDC701}.Debug|Any CPU.ActiveCfg = Debug|Any CPU
		{ADF16D47-3831-47B1-8D23-4B793DCDC701}.Debug|Any CPU.Build.0 = Debug|Any CPU
		{ADF16D47-3831-47B1-8D23-4B793DCDC701}.Release|Any CPU.ActiveCfg = Release|Any CPU
		{ADF16D47-3831-47B1-8D23-4B793DCDC701}.Release|Any CPU.Build.0 = Release|Any CPU
		{6345C84F-E108-4F5D-A2D5-7648DF008A6B}.Debug|Any CPU.ActiveCfg = Debug|Any CPU
		{6345C84F-E108-4F5D-A2D5-7648DF008A6B}.Debug|Any CPU.Build.0 = Debug|Any CPU
		{6345C84F-E108-4F5D-A2D5-7648DF008A6B}.Release|Any CPU.ActiveCfg = Release|Any CPU
		{6345C84F-E108-4F5D-A2D5-7648DF008A6B}.Release|Any CPU.Build.0 = Release|Any CPU
		{2CC9E308-19DE-422C-9E1F-0FB2276DA4B5}.Debug|Any CPU.ActiveCfg = Debug|Any CPU
		{2CC9E308-19DE-422C-9E1F-0FB2276DA4B5}.Debug|Any CPU.Build.0 = Debug|Any CPU
		{2CC9E308-19DE-422C-9E1F-0FB2276DA4B5}.Release|Any CPU.ActiveCfg = Release|Any CPU
		{2CC9E308-19DE-422C-9E1F-0FB2276DA4B5}.Release|Any CPU.Build.0 = Release|Any CPU
		{C37F3DF6-4C98-4825-968B-5C87EEAC741F}.Debug|Any CPU.ActiveCfg = Debug|Any CPU
		{C37F3DF6-4C98-4825-968B-5C87EEAC741F}.Debug|Any CPU.Build.0 = Debug|Any CPU
		{C37F3DF6-4C98-4825-968B-5C87EEAC741F}.Release|Any CPU.ActiveCfg = Release|Any CPU
		{C37F3DF6-4C98-4825-968B-5C87EEAC741F}.Release|Any CPU.Build.0 = Release|Any CPU
		{162D487A-F8B2-496B-9812-CC6F4C6127BF}.Debug|Any CPU.ActiveCfg = Debug|Any CPU
		{162D487A-F8B2-496B-9812-CC6F4C6127BF}.Debug|Any CPU.Build.0 = Debug|Any CPU
		{162D487A-F8B2-496B-9812-CC6F4C6127BF}.Release|Any CPU.ActiveCfg = Release|Any CPU
		{162D487A-F8B2-496B-9812-CC6F4C6127BF}.Release|Any CPU.Build.0 = Release|Any CPU
		{96647EA1-5054-4C0A-88E6-432F4ADA65C2}.Debug|Any CPU.ActiveCfg = Debug|Any CPU
		{96647EA1-5054-4C0A-88E6-432F4ADA65C2}.Debug|Any CPU.Build.0 = Debug|Any CPU
		{96647EA1-5054-4C0A-88E6-432F4ADA65C2}.Release|Any CPU.ActiveCfg = Release|Any CPU
		{96647EA1-5054-4C0A-88E6-432F4ADA65C2}.Release|Any CPU.Build.0 = Release|Any CPU
		{DB4BA91D-B136-49B4-87E7-DF215F0450DE}.Debug|Any CPU.ActiveCfg = Debug|Any CPU
		{DB4BA91D-B136-49B4-87E7-DF215F0450DE}.Debug|Any CPU.Build.0 = Debug|Any CPU
		{DB4BA91D-B136-49B4-87E7-DF215F0450DE}.Release|Any CPU.ActiveCfg = Release|Any CPU
		{DB4BA91D-B136-49B4-87E7-DF215F0450DE}.Release|Any CPU.Build.0 = Release|Any CPU
		{C9FDD6B4-9783-4509-870C-A76D266D1887}.Debug|Any CPU.ActiveCfg = Debug|Any CPU
		{C9FDD6B4-9783-4509-870C-A76D266D1887}.Debug|Any CPU.Build.0 = Debug|Any CPU
		{C9FDD6B4-9783-4509-870C-A76D266D1887}.Release|Any CPU.ActiveCfg = Release|Any CPU
		{C9FDD6B4-9783-4509-870C-A76D266D1887}.Release|Any CPU.Build.0 = Release|Any CPU
		{CBF64067-C26E-48BB-80FD-A42200C57B98}.Debug|Any CPU.ActiveCfg = Debug|Any CPU
		{CBF64067-C26E-48BB-80FD-A42200C57B98}.Debug|Any CPU.Build.0 = Debug|Any CPU
		{CBF64067-C26E-48BB-80FD-A42200C57B98}.Release|Any CPU.ActiveCfg = Release|Any CPU
		{CBF64067-C26E-48BB-80FD-A42200C57B98}.Release|Any CPU.Build.0 = Release|Any CPU
		{FD76CF5B-C22F-424C-AB1B-38DB4A0E2B0E}.Debug|Any CPU.ActiveCfg = Debug|Any CPU
		{FD76CF5B-C22F-424C-AB1B-38DB4A0E2B0E}.Debug|Any CPU.Build.0 = Debug|Any CPU
		{FD76CF5B-C22F-424C-AB1B-38DB4A0E2B0E}.Release|Any CPU.ActiveCfg = Release|Any CPU
		{FD76CF5B-C22F-424C-AB1B-38DB4A0E2B0E}.Release|Any CPU.Build.0 = Release|Any CPU
		{4BAD8D44-F0D5-4A0E-B2ED-9E610CD5344E}.Debug|Any CPU.ActiveCfg = Debug|Any CPU
		{4BAD8D44-F0D5-4A0E-B2ED-9E610CD5344E}.Debug|Any CPU.Build.0 = Debug|Any CPU
		{4BAD8D44-F0D5-4A0E-B2ED-9E610CD5344E}.Release|Any CPU.ActiveCfg = Release|Any CPU
		{4BAD8D44-F0D5-4A0E-B2ED-9E610CD5344E}.Release|Any CPU.Build.0 = Release|Any CPU
		{A8E50E0B-C796-4462-8AFF-74DFFD1AD074}.Debug|Any CPU.ActiveCfg = Debug|Any CPU
		{A8E50E0B-C796-4462-8AFF-74DFFD1AD074}.Debug|Any CPU.Build.0 = Debug|Any CPU
		{A8E50E0B-C796-4462-8AFF-74DFFD1AD074}.Release|Any CPU.ActiveCfg = Release|Any CPU
		{A8E50E0B-C796-4462-8AFF-74DFFD1AD074}.Release|Any CPU.Build.0 = Release|Any CPU
		{BC64E641-05DD-4037-A236-55810D162765}.Debug|Any CPU.ActiveCfg = Debug|Any CPU
		{BC64E641-05DD-4037-A236-55810D162765}.Debug|Any CPU.Build.0 = Debug|Any CPU
		{BC64E641-05DD-4037-A236-55810D162765}.Release|Any CPU.ActiveCfg = Release|Any CPU
		{BC64E641-05DD-4037-A236-55810D162765}.Release|Any CPU.Build.0 = Release|Any CPU
		{B4E99FEE-53F9-4074-B9F2-43006CE3BECB}.Debug|Any CPU.ActiveCfg = Debug|Any CPU
		{B4E99FEE-53F9-4074-B9F2-43006CE3BECB}.Debug|Any CPU.Build.0 = Debug|Any CPU
		{B4E99FEE-53F9-4074-B9F2-43006CE3BECB}.Release|Any CPU.ActiveCfg = Release|Any CPU
		{B4E99FEE-53F9-4074-B9F2-43006CE3BECB}.Release|Any CPU.Build.0 = Release|Any CPU
		{934AB574-2A97-40ED-BDB6-BF2BBD9A0764}.Debug|Any CPU.ActiveCfg = Debug|Any CPU
		{934AB574-2A97-40ED-BDB6-BF2BBD9A0764}.Debug|Any CPU.Build.0 = Debug|Any CPU
		{934AB574-2A97-40ED-BDB6-BF2BBD9A0764}.Release|Any CPU.ActiveCfg = Release|Any CPU
		{934AB574-2A97-40ED-BDB6-BF2BBD9A0764}.Release|Any CPU.Build.0 = Release|Any CPU
		{44F39E44-5E68-4FD6-A64A-8D1EF1FFAB65}.Debug|Any CPU.ActiveCfg = Debug|Any CPU
		{44F39E44-5E68-4FD6-A64A-8D1EF1FFAB65}.Debug|Any CPU.Build.0 = Debug|Any CPU
		{44F39E44-5E68-4FD6-A64A-8D1EF1FFAB65}.Release|Any CPU.ActiveCfg = Release|Any CPU
		{44F39E44-5E68-4FD6-A64A-8D1EF1FFAB65}.Release|Any CPU.Build.0 = Release|Any CPU
		{D66D3821-D0C2-4E01-97CB-5F511019112D}.Debug|Any CPU.ActiveCfg = Debug|Any CPU
		{D66D3821-D0C2-4E01-97CB-5F511019112D}.Debug|Any CPU.Build.0 = Debug|Any CPU
		{D66D3821-D0C2-4E01-97CB-5F511019112D}.Release|Any CPU.ActiveCfg = Release|Any CPU
		{D66D3821-D0C2-4E01-97CB-5F511019112D}.Release|Any CPU.Build.0 = Release|Any CPU
		{B5C24BC4-B761-446D-A0A3-264B725AE00C}.Debug|Any CPU.ActiveCfg = Debug|Any CPU
		{B5C24BC4-B761-446D-A0A3-264B725AE00C}.Debug|Any CPU.Build.0 = Debug|Any CPU
		{B5C24BC4-B761-446D-A0A3-264B725AE00C}.Release|Any CPU.ActiveCfg = Release|Any CPU
		{B5C24BC4-B761-446D-A0A3-264B725AE00C}.Release|Any CPU.Build.0 = Release|Any CPU
		{EBB1D792-647F-4EC5-96F0-67C015BADEE6}.Debug|Any CPU.ActiveCfg = Debug|Any CPU
		{EBB1D792-647F-4EC5-96F0-67C015BADEE6}.Debug|Any CPU.Build.0 = Debug|Any CPU
		{EBB1D792-647F-4EC5-96F0-67C015BADEE6}.Release|Any CPU.ActiveCfg = Release|Any CPU
		{EBB1D792-647F-4EC5-96F0-67C015BADEE6}.Release|Any CPU.Build.0 = Release|Any CPU
	EndGlobalSection
	GlobalSection(SolutionProperties) = preSolution
		HideSolutionNode = FALSE
	EndGlobalSection
	GlobalSection(NestedProjects) = preSolution
		{32792F7A-AFC1-4A45-96E2-3FD208FD020B} = {5537471A-1B25-4DCD-B620-F53225614376}
		{B816AF1D-EDF0-4B29-954C-03FE94E5C771} = {5537471A-1B25-4DCD-B620-F53225614376}
		{9B216E50-BE8A-4DC7-A3B0-E97693BBEE17} = {4FDF8572-B6CD-44FD-9B4D-F99F3D59A79E}
		{85FCB4F9-5DF6-4074-AE42-E84A5E9334BD} = {4FDF8572-B6CD-44FD-9B4D-F99F3D59A79E}
		{47666CE2-FD5E-4B3F-9F56-623756B2271A} = {4FDF8572-B6CD-44FD-9B4D-F99F3D59A79E}
		{FF01E1D5-CD09-4867-A6D9-96B2C74CC2F3} = {4FDF8572-B6CD-44FD-9B4D-F99F3D59A79E}
		{C3D48EEA-56CD-4E76-BA3E-502B844C5EF1} = {EDCBA19B-2627-45D2-9914-F027B6A33598}
		{6DFFE42A-F8D4-4C04-855C-D0C4BD7B9E25} = {EDCBA19B-2627-45D2-9914-F027B6A33598}
		{1FDBA585-130D-4CD4-9D99-1FE2D54B8F77} = {EDCBA19B-2627-45D2-9914-F027B6A33598}
		{9A79249C-7916-4398-B722-3657AD20F6CE} = {57FC7BE5-15A5-4EBF-ACA0-83ECB0CD1FC4}
		{4BD58888-C1FC-46A3-8896-C4B7285ADFA4} = {6248F362-C93C-4CCB-8044-A81C485505FC}
		{0AAF92ED-84F4-4D8A-9E4A-7FB6E258AABD} = {6248F362-C93C-4CCB-8044-A81C485505FC}
		{6FD0C16E-1CDD-4DF5-B967-C89D6544D0D9} = {6248F362-C93C-4CCB-8044-A81C485505FC}
		{ECA5D17C-DE95-4AAE-946E-B6FF2DF850F4} = {6248F362-C93C-4CCB-8044-A81C485505FC}
		{42A081B7-4A27-445E-9648-75616352AE8A} = {21A879F1-83BD-4A72-BEA4-BCC282BE1FDE}
		{ADF16D47-3831-47B1-8D23-4B793DCDC701} = {21A879F1-83BD-4A72-BEA4-BCC282BE1FDE}
		{6345C84F-E108-4F5D-A2D5-7648DF008A6B} = {21A879F1-83BD-4A72-BEA4-BCC282BE1FDE}
		{2CC9E308-19DE-422C-9E1F-0FB2276DA4B5} = {21A879F1-83BD-4A72-BEA4-BCC282BE1FDE}
		{C37F3DF6-4C98-4825-968B-5C87EEAC741F} = {21A879F1-83BD-4A72-BEA4-BCC282BE1FDE}
		{162D487A-F8B2-496B-9812-CC6F4C6127BF} = {21A879F1-83BD-4A72-BEA4-BCC282BE1FDE}
		{96647EA1-5054-4C0A-88E6-432F4ADA65C2} = {959552E8-A9F7-4CAB-84F2-10C5A1E747F5}
		{DB4BA91D-B136-49B4-87E7-DF215F0450DE} = {959552E8-A9F7-4CAB-84F2-10C5A1E747F5}
		{C9FDD6B4-9783-4509-870C-A76D266D1887} = {959552E8-A9F7-4CAB-84F2-10C5A1E747F5}
		{CBF64067-C26E-48BB-80FD-A42200C57B98} = {959552E8-A9F7-4CAB-84F2-10C5A1E747F5}
		{FD76CF5B-C22F-424C-AB1B-38DB4A0E2B0E} = {DCC983BF-657F-4CCA-8EDB-29E495CC255C}
		{4BAD8D44-F0D5-4A0E-B2ED-9E610CD5344E} = {DCC983BF-657F-4CCA-8EDB-29E495CC255C}
		{A8E50E0B-C796-4462-8AFF-74DFFD1AD074} = {DCC983BF-657F-4CCA-8EDB-29E495CC255C}
		{BC64E641-05DD-4037-A236-55810D162765} = {8F2F88CD-C04E-4162-A7AD-CD739EA1B1E1}
		{B4E99FEE-53F9-4074-B9F2-43006CE3BECB} = {8F2F88CD-C04E-4162-A7AD-CD739EA1B1E1}
		{934AB574-2A97-40ED-BDB6-BF2BBD9A0764} = {7A3581BE-948C-49DA-9D07-8CD408F0B158}
		{44F39E44-5E68-4FD6-A64A-8D1EF1FFAB65} = {7A3581BE-948C-49DA-9D07-8CD408F0B158}
		{D66D3821-D0C2-4E01-97CB-5F511019112D} = {0FA0A3B8-3D08-456E-A32E-D82BFC8A3BF2}
		{B5C24BC4-B761-446D-A0A3-264B725AE00C} = {0FA0A3B8-3D08-456E-A32E-D82BFC8A3BF2}
		{EBB1D792-647F-4EC5-96F0-67C015BADEE6} = {0FA0A3B8-3D08-456E-A32E-D82BFC8A3BF2}
	EndGlobalSection
	GlobalSection(ExtensibilityGlobals) = postSolution
		SolutionGuid = {65D7E131-1A5F-4E8C-94B6-98120B65A2D6}
	EndGlobalSection
EndGlobal
